version = 1
revision = 2
requires-python = ">=3.11"

[[package]]
name = "anyio"
version = "4.9.0"
source = { registry = "https://pypi.org/simple" }
dependencies = [
    { name = "idna" },
    { name = "sniffio" },
    { name = "typing-extensions", marker = "python_full_version < '3.13'" },
]
sdist = { url = "https://files.pythonhosted.org/packages/95/7d/4c1bd541d4dffa1b52bd83fb8527089e097a106fc90b467a7313b105f840/anyio-4.9.0.tar.gz", hash = "sha256:673c0c244e15788651a4ff38710fea9675823028a6f08a5eda409e0c9840a028", size = 190949, upload-time = "2025-03-17T00:02:54.77Z" }
wheels = [
    { url = "https://files.pythonhosted.org/packages/a1/ee/48ca1a7c89ffec8b6a0c5d02b89c305671d5ffd8d3c94acf8b8c408575bb/anyio-4.9.0-py3-none-any.whl", hash = "sha256:9f76d541cad6e36af7beb62e978876f3b41e3e04f2c1fbf0884604c0a9c4d93c", size = 100916, upload-time = "2025-03-17T00:02:52.713Z" },
]

[[package]]
name = "asttokens"
version = "2.4.1"
source = { registry = "https://pypi.org/simple" }
dependencies = [
    { name = "six" },
]
sdist = { url = "https://files.pythonhosted.org/packages/45/1d/f03bcb60c4a3212e15f99a56085d93093a497718adf828d050b9d675da81/asttokens-2.4.1.tar.gz", hash = "sha256:b03869718ba9a6eb027e134bfdf69f38a236d681c83c160d510768af11254ba0", size = 62284, upload-time = "2023-10-26T10:03:05.06Z" }
wheels = [
    { url = "https://files.pythonhosted.org/packages/45/86/4736ac618d82a20d87d2f92ae19441ebc7ac9e7a581d7e58bbe79233b24a/asttokens-2.4.1-py2.py3-none-any.whl", hash = "sha256:051ed49c3dcae8913ea7cd08e46a606dba30b79993209636c4875bc1d637bc24", size = 27764, upload-time = "2023-10-26T10:03:01.789Z" },
]

[[package]]
name = "certifi"
version = "2025.4.26"
source = { registry = "https://pypi.org/simple" }
sdist = { url = "https://files.pythonhosted.org/packages/e8/9e/c05b3920a3b7d20d3d3310465f50348e5b3694f4f88c6daf736eef3024c4/certifi-2025.4.26.tar.gz", hash = "sha256:0a816057ea3cdefcef70270d2c515e4506bbc954f417fa5ade2021213bb8f0c6", size = 160705, upload-time = "2025-04-26T02:12:29.51Z" }
wheels = [
    { url = "https://files.pythonhosted.org/packages/4a/7e/3db2bd1b1f9e95f7cddca6d6e75e2f2bd9f51b1246e546d88addca0106bd/certifi-2025.4.26-py3-none-any.whl", hash = "sha256:30350364dfe371162649852c63336a15c70c6510c2ad5015b21c2345311805f3", size = 159618, upload-time = "2025-04-26T02:12:27.662Z" },
]

[[package]]
name = "colorama"
version = "0.4.6"
source = { registry = "https://pypi.org/simple" }
sdist = { url = "https://files.pythonhosted.org/packages/d8/53/6f443c9a4a8358a93a6792e2acffb9d9d5cb0a5cfd8802644b7b1c9a02e4/colorama-0.4.6.tar.gz", hash = "sha256:08695f5cb7ed6e0531a20572697297273c47b8cae5a63ffc6d6ed5c201be6e44", size = 27697, upload-time = "2022-10-25T02:36:22.414Z" }
wheels = [
    { url = "https://files.pythonhosted.org/packages/d1/d6/3965ed04c63042e047cb6a3e6ed1a63a35087b6a609aa3a15ed8ac56c221/colorama-0.4.6-py2.py3-none-any.whl", hash = "sha256:4f1d9991f5acc0ca119f9d443620b77f9d6b33703e51011c16baf57afb285fc6", size = 25335, upload-time = "2022-10-25T02:36:20.889Z" },
]

[[package]]
name = "decorator"
version = "5.2.1"
source = { registry = "https://pypi.org/simple" }
sdist = { url = "https://files.pythonhosted.org/packages/43/fa/6d96a0978d19e17b68d634497769987b16c8f4cd0a7a05048bec693caa6b/decorator-5.2.1.tar.gz", hash = "sha256:65f266143752f734b0a7cc83c46f4618af75b8c5911b00ccb61d0ac9b6da0360", size = 56711, upload-time = "2025-02-24T04:41:34.073Z" }
wheels = [
    { url = "https://files.pythonhosted.org/packages/4e/8c/f3147f5c4b73e7550fe5f9352eaa956ae838d5c51eb58e7a25b9f3e2643b/decorator-5.2.1-py3-none-any.whl", hash = "sha256:d316bb415a2d9e2d2b3abcc4084c6502fc09240e292cd76a76afc106a1c8e04a", size = 9190, upload-time = "2025-02-24T04:41:32.565Z" },
]

[[package]]
name = "devtools"
version = "0.12.2"
source = { registry = "https://pypi.org/simple" }
dependencies = [
    { name = "asttokens" },
    { name = "executing" },
    { name = "pygments" },
]
sdist = { url = "https://files.pythonhosted.org/packages/84/75/b78198620640d394bc435c17bb49db18419afdd6cfa3ed8bcfe14034ec80/devtools-0.12.2.tar.gz", hash = "sha256:efceab184cb35e3a11fa8e602cc4fadacaa2e859e920fc6f87bf130b69885507", size = 75005, upload-time = "2023-09-03T16:57:00.679Z" }
wheels = [
    { url = "https://files.pythonhosted.org/packages/d1/ae/afb1487556e2dc827a17097aac8158a25b433a345386f0e249f6d2694ccb/devtools-0.12.2-py3-none-any.whl", hash = "sha256:c366e3de1df4cdd635f1ad8cbcd3af01a384d7abda71900e68d43b04eb6aaca7", size = 19411, upload-time = "2023-09-03T16:56:59.049Z" },
]

[[package]]
name = "executing"
version = "2.2.0"
source = { registry = "https://pypi.org/simple" }
sdist = { url = "https://files.pythonhosted.org/packages/91/50/a9d80c47ff289c611ff12e63f7c5d13942c65d68125160cefd768c73e6e4/executing-2.2.0.tar.gz", hash = "sha256:5d108c028108fe2551d1a7b2e8b713341e2cb4fc0aa7dcf966fa4327a5226755", size = 978693, upload-time = "2025-01-22T15:41:29.403Z" }
wheels = [
    { url = "https://files.pythonhosted.org/packages/7b/8f/c4d9bafc34ad7ad5d8dc16dd1347ee0e507a52c3adb6bfa8887e1c6a26ba/executing-2.2.0-py2.py3-none-any.whl", hash = "sha256:11387150cad388d62750327a53d3339fad4888b39a6fe233c3afbb54ecffd3aa", size = 26702, upload-time = "2025-01-22T15:41:25.929Z" },
]

[[package]]
name = "h11"
version = "0.16.0"
source = { registry = "https://pypi.org/simple" }
sdist = { url = "https://files.pythonhosted.org/packages/01/ee/02a2c011bdab74c6fb3c75474d40b3052059d95df7e73351460c8588d963/h11-0.16.0.tar.gz", hash = "sha256:4e35b956cf45792e4caa5885e69fba00bdbc6ffafbfa020300e549b208ee5ff1", size = 101250, upload-time = "2025-04-24T03:35:25.427Z" }
wheels = [
    { url = "https://files.pythonhosted.org/packages/04/4b/29cac41a4d98d144bf5f6d33995617b185d14b22401f75ca86f384e87ff1/h11-0.16.0-py3-none-any.whl", hash = "sha256:63cf8bbe7522de3bf65932fda1d9c2772064ffb3dae62d55932da54b31cb6c86", size = 37515, upload-time = "2025-04-24T03:35:24.344Z" },
]

[[package]]
name = "httpcore"
version = "1.0.9"
source = { registry = "https://pypi.org/simple" }
dependencies = [
    { name = "certifi" },
    { name = "h11" },
]
sdist = { url = "https://files.pythonhosted.org/packages/06/94/82699a10bca87a5556c9c59b5963f2d039dbd239f25bc2a63907a05a14cb/httpcore-1.0.9.tar.gz", hash = "sha256:6e34463af53fd2ab5d807f399a9b45ea31c3dfa2276f15a2c3f00afff6e176e8", size = 85484, upload-time = "2025-04-24T22:06:22.219Z" }
wheels = [
    { url = "https://files.pythonhosted.org/packages/7e/f5/f66802a942d491edb555dd61e3a9961140fd64c90bce1eafd741609d334d/httpcore-1.0.9-py3-none-any.whl", hash = "sha256:2d400746a40668fc9dec9810239072b40b4484b640a8c38fd654a024c7a1bf55", size = 78784, upload-time = "2025-04-24T22:06:20.566Z" },
]

[[package]]
name = "httpx"
version = "0.28.1"
source = { registry = "https://pypi.org/simple" }
dependencies = [
    { name = "anyio" },
    { name = "certifi" },
    { name = "httpcore" },
    { name = "idna" },
]
sdist = { url = "https://files.pythonhosted.org/packages/b1/df/48c586a5fe32a0f01324ee087459e112ebb7224f646c0b5023f5e79e9956/httpx-0.28.1.tar.gz", hash = "sha256:75e98c5f16b0f35b567856f597f06ff2270a374470a5c2392242528e3e3e42fc", size = 141406, upload-time = "2024-12-06T15:37:23.222Z" }
wheels = [
    { url = "https://files.pythonhosted.org/packages/2a/39/e50c7c3a983047577ee07d2a9e53faf5a69493943ec3f6a384bdc792deb2/httpx-0.28.1-py3-none-any.whl", hash = "sha256:d909fcccc110f8c7faf814ca82a9a4d816bc5a6dbfea25d6591d6985b8ba59ad", size = 73517, upload-time = "2024-12-06T15:37:21.509Z" },
]

[[package]]
name = "idna"
version = "3.10"
source = { registry = "https://pypi.org/simple" }
sdist = { url = "https://files.pythonhosted.org/packages/f1/70/7703c29685631f5a7590aa73f1f1d3fa9a380e654b86af429e0934a32f7d/idna-3.10.tar.gz", hash = "sha256:12f65c9b470abda6dc35cf8e63cc574b1c52b11df2c86030af0ac09b01b13ea9", size = 190490, upload-time = "2024-09-15T18:07:39.745Z" }
wheels = [
    { url = "https://files.pythonhosted.org/packages/76/c6/c88e154df9c4e1a2a66ccf0005a88dfb2650c1dffb6f5ce603dfbd452ce3/idna-3.10-py3-none-any.whl", hash = "sha256:946d195a0d259cbba61165e88e65941f16e9b36ea6ddb97f00452bae8b1287d3", size = 70442, upload-time = "2024-09-15T18:07:37.964Z" },
]

[[package]]
name = "ipython"
version = "9.2.0"
source = { registry = "https://pypi.org/simple" }
dependencies = [
    { name = "colorama", marker = "sys_platform == 'win32'" },
    { name = "decorator" },
    { name = "ipython-pygments-lexers" },
    { name = "jedi" },
    { name = "matplotlib-inline" },
    { name = "pexpect", marker = "sys_platform != 'emscripten' and sys_platform != 'win32'" },
    { name = "prompt-toolkit" },
    { name = "pygments" },
    { name = "stack-data" },
    { name = "traitlets" },
    { name = "typing-extensions", marker = "python_full_version < '3.12'" },
]
sdist = { url = "https://files.pythonhosted.org/packages/9d/02/63a84444a7409b3c0acd1de9ffe524660e0e5d82ee473e78b45e5bfb64a4/ipython-9.2.0.tar.gz", hash = "sha256:62a9373dbc12f28f9feaf4700d052195bf89806279fc8ca11f3f54017d04751b", size = 4424394, upload-time = "2025-04-25T17:55:40.498Z" }
wheels = [
    { url = "https://files.pythonhosted.org/packages/78/ce/5e897ee51b7d26ab4e47e5105e7368d40ce6cfae2367acdf3165396d50be/ipython-9.2.0-py3-none-any.whl", hash = "sha256:fef5e33c4a1ae0759e0bba5917c9db4eb8c53fee917b6a526bd973e1ca5159f6", size = 604277, upload-time = "2025-04-25T17:55:37.625Z" },
]

[[package]]
name = "ipython-pygments-lexers"
version = "1.1.1"
source = { registry = "https://pypi.org/simple" }
dependencies = [
    { name = "pygments" },
]
sdist = { url = "https://files.pythonhosted.org/packages/ef/4c/5dd1d8af08107f88c7f741ead7a40854b8ac24ddf9ae850afbcf698aa552/ipython_pygments_lexers-1.1.1.tar.gz", hash = "sha256:09c0138009e56b6854f9535736f4171d855c8c08a563a0dcd8022f78355c7e81", size = 8393, upload-time = "2025-01-17T11:24:34.505Z" }
wheels = [
    { url = "https://files.pythonhosted.org/packages/d9/33/1f075bf72b0b747cb3288d011319aaf64083cf2efef8354174e3ed4540e2/ipython_pygments_lexers-1.1.1-py3-none-any.whl", hash = "sha256:a9462224a505ade19a605f71f8fa63c2048833ce50abc86768a0d81d876dc81c", size = 8074, upload-time = "2025-01-17T11:24:33.271Z" },
]

[[package]]
name = "jedi"
version = "0.19.2"
source = { registry = "https://pypi.org/simple" }
dependencies = [
    { name = "parso" },
]
sdist = { url = "https://files.pythonhosted.org/packages/72/3a/79a912fbd4d8dd6fbb02bf69afd3bb72cf0c729bb3063c6f4498603db17a/jedi-0.19.2.tar.gz", hash = "sha256:4770dc3de41bde3966b02eb84fbcf557fb33cce26ad23da12c742fb50ecb11f0", size = 1231287, upload-time = "2024-11-11T01:41:42.873Z" }
wheels = [
    { url = "https://files.pythonhosted.org/packages/c0/5a/9cac0c82afec3d09ccd97c8b6502d48f165f9124db81b4bcb90b4af974ee/jedi-0.19.2-py2.py3-none-any.whl", hash = "sha256:a8ef22bde8490f57fe5c7681a3c83cb58874daf72b4784de3cce5b6ef6edb5b9", size = 1572278, upload-time = "2024-11-11T01:41:40.175Z" },
]

[[package]]
name = "matplotlib-inline"
version = "0.1.7"
source = { registry = "https://pypi.org/simple" }
dependencies = [
    { name = "traitlets" },
]
sdist = { url = "https://files.pythonhosted.org/packages/99/5b/a36a337438a14116b16480db471ad061c36c3694df7c2084a0da7ba538b7/matplotlib_inline-0.1.7.tar.gz", hash = "sha256:8423b23ec666be3d16e16b60bdd8ac4e86e840ebd1dd11a30b9f117f2fa0ab90", size = 8159, upload-time = "2024-04-15T13:44:44.803Z" }
wheels = [
    { url = "https://files.pythonhosted.org/packages/8f/8e/9ad090d3553c280a8060fbf6e24dc1c0c29704ee7d1c372f0c174aa59285/matplotlib_inline-0.1.7-py3-none-any.whl", hash = "sha256:df192d39a4ff8f21b1895d72e6a13f5fcc5099f00fa84384e0ea28c2cc0653ca", size = 9899, upload-time = "2024-04-15T13:44:43.265Z" },
]

[[package]]
name = "nodeenv"
version = "1.9.1"
source = { registry = "https://pypi.org/simple" }
sdist = { url = "https://files.pythonhosted.org/packages/43/16/fc88b08840de0e0a72a2f9d8c6bae36be573e475a6326ae854bcc549fc45/nodeenv-1.9.1.tar.gz", hash = "sha256:6ec12890a2dab7946721edbfbcd91f3319c6ccc9aec47be7c7e6b7011ee6645f", size = 47437, upload-time = "2024-06-04T18:44:11.171Z" }
wheels = [
    { url = "https://files.pythonhosted.org/packages/d2/1d/1b658dbd2b9fa9c4c9f32accbfc0205d532c8c6194dc0f2a4c0428e7128a/nodeenv-1.9.1-py2.py3-none-any.whl", hash = "sha256:ba11c9782d29c27c70ffbdda2d7415098754709be8a7056d79a737cd901155c9", size = 22314, upload-time = "2024-06-04T18:44:08.352Z" },
]

[[package]]
name = "parso"
version = "0.8.4"
source = { registry = "https://pypi.org/simple" }
sdist = { url = "https://files.pythonhosted.org/packages/66/94/68e2e17afaa9169cf6412ab0f28623903be73d1b32e208d9e8e541bb086d/parso-0.8.4.tar.gz", hash = "sha256:eb3a7b58240fb99099a345571deecc0f9540ea5f4dd2fe14c2a99d6b281ab92d", size = 400609, upload-time = "2024-04-05T09:43:55.897Z" }
wheels = [
    { url = "https://files.pythonhosted.org/packages/c6/ac/dac4a63f978e4dcb3c6d3a78c4d8e0192a113d288502a1216950c41b1027/parso-0.8.4-py2.py3-none-any.whl", hash = "sha256:a418670a20291dacd2dddc80c377c5c3791378ee1e8d12bffc35420643d43f18", size = 103650, upload-time = "2024-04-05T09:43:53.299Z" },
]

[[package]]
name = "pexpect"
version = "4.9.0"
source = { registry = "https://pypi.org/simple" }
dependencies = [
    { name = "ptyprocess" },
]
sdist = { url = "https://files.pythonhosted.org/packages/42/92/cc564bf6381ff43ce1f4d06852fc19a2f11d180f23dc32d9588bee2f149d/pexpect-4.9.0.tar.gz", hash = "sha256:ee7d41123f3c9911050ea2c2dac107568dc43b2d3b0c7557a33212c398ead30f", size = 166450, upload-time = "2023-11-25T09:07:26.339Z" }
wheels = [
    { url = "https://files.pythonhosted.org/packages/9e/c3/059298687310d527a58bb01f3b1965787ee3b40dce76752eda8b44e9a2c5/pexpect-4.9.0-py2.py3-none-any.whl", hash = "sha256:7236d1e080e4936be2dc3e326cec0af72acf9212a7e1d060210e70a47e253523", size = 63772, upload-time = "2023-11-25T06:56:14.81Z" },
]

[[package]]
name = "pillow"
version = "11.2.1"
source = { registry = "https://pypi.org/simple" }
sdist = { url = "https://files.pythonhosted.org/packages/af/cb/bb5c01fcd2a69335b86c22142b2bccfc3464087efb7fd382eee5ffc7fdf7/pillow-11.2.1.tar.gz", hash = "sha256:a64dd61998416367b7ef979b73d3a85853ba9bec4c2925f74e588879a58716b6", size = 47026707, upload-time = "2025-04-12T17:50:03.289Z" }
wheels = [
    { url = "https://files.pythonhosted.org/packages/68/08/3fbf4b98924c73037a8e8b4c2c774784805e0fb4ebca6c5bb60795c40125/pillow-11.2.1-cp311-cp311-macosx_10_10_x86_64.whl", hash = "sha256:35ca289f712ccfc699508c4658a1d14652e8033e9b69839edf83cbdd0ba39e70", size = 3198450, upload-time = "2025-04-12T17:47:37.135Z" },
    { url = "https://files.pythonhosted.org/packages/84/92/6505b1af3d2849d5e714fc75ba9e69b7255c05ee42383a35a4d58f576b16/pillow-11.2.1-cp311-cp311-macosx_11_0_arm64.whl", hash = "sha256:e0409af9f829f87a2dfb7e259f78f317a5351f2045158be321fd135973fff7bf", size = 3030550, upload-time = "2025-04-12T17:47:39.345Z" },
    { url = "https://files.pythonhosted.org/packages/3c/8c/ac2f99d2a70ff966bc7eb13dacacfaab57c0549b2ffb351b6537c7840b12/pillow-11.2.1-cp311-cp311-manylinux_2_17_aarch64.manylinux2014_aarch64.whl", hash = "sha256:d4e5c5edee874dce4f653dbe59db7c73a600119fbea8d31f53423586ee2aafd7", size = 4415018, upload-time = "2025-04-12T17:47:41.128Z" },
    { url = "https://files.pythonhosted.org/packages/1f/e3/0a58b5d838687f40891fff9cbaf8669f90c96b64dc8f91f87894413856c6/pillow-11.2.1-cp311-cp311-manylinux_2_17_x86_64.manylinux2014_x86_64.whl", hash = "sha256:b93a07e76d13bff9444f1a029e0af2964e654bfc2e2c2d46bfd080df5ad5f3d8", size = 4498006, upload-time = "2025-04-12T17:47:42.912Z" },
    { url = "https://files.pythonhosted.org/packages/21/f5/6ba14718135f08fbfa33308efe027dd02b781d3f1d5c471444a395933aac/pillow-11.2.1-cp311-cp311-manylinux_2_28_aarch64.whl", hash = "sha256:e6def7eed9e7fa90fde255afaf08060dc4b343bbe524a8f69bdd2a2f0018f600", size = 4517773, upload-time = "2025-04-12T17:47:44.611Z" },
    { url = "https://files.pythonhosted.org/packages/20/f2/805ad600fc59ebe4f1ba6129cd3a75fb0da126975c8579b8f57abeb61e80/pillow-11.2.1-cp311-cp311-manylinux_2_28_x86_64.whl", hash = "sha256:8f4f3724c068be008c08257207210c138d5f3731af6c155a81c2b09a9eb3a788", size = 4607069, upload-time = "2025-04-12T17:47:46.46Z" },
    { url = "https://files.pythonhosted.org/packages/71/6b/4ef8a288b4bb2e0180cba13ca0a519fa27aa982875882392b65131401099/pillow-11.2.1-cp311-cp311-musllinux_1_2_aarch64.whl", hash = "sha256:a0a6709b47019dff32e678bc12c63008311b82b9327613f534e496dacaefb71e", size = 4583460, upload-time = "2025-04-12T17:47:49.255Z" },
    { url = "https://files.pythonhosted.org/packages/62/ae/f29c705a09cbc9e2a456590816e5c234382ae5d32584f451c3eb41a62062/pillow-11.2.1-cp311-cp311-musllinux_1_2_x86_64.whl", hash = "sha256:f6b0c664ccb879109ee3ca702a9272d877f4fcd21e5eb63c26422fd6e415365e", size = 4661304, upload-time = "2025-04-12T17:47:51.067Z" },
    { url = "https://files.pythonhosted.org/packages/6e/1a/c8217b6f2f73794a5e219fbad087701f412337ae6dbb956db37d69a9bc43/pillow-11.2.1-cp311-cp311-win32.whl", hash = "sha256:cc5d875d56e49f112b6def6813c4e3d3036d269c008bf8aef72cd08d20ca6df6", size = 2331809, upload-time = "2025-04-12T17:47:54.425Z" },
    { url = "https://files.pythonhosted.org/packages/e2/72/25a8f40170dc262e86e90f37cb72cb3de5e307f75bf4b02535a61afcd519/pillow-11.2.1-cp311-cp311-win_amd64.whl", hash = "sha256:0f5c7eda47bf8e3c8a283762cab94e496ba977a420868cb819159980b6709193", size = 2676338, upload-time = "2025-04-12T17:47:56.535Z" },
    { url = "https://files.pythonhosted.org/packages/06/9e/76825e39efee61efea258b479391ca77d64dbd9e5804e4ad0fa453b4ba55/pillow-11.2.1-cp311-cp311-win_arm64.whl", hash = "sha256:4d375eb838755f2528ac8cbc926c3e31cc49ca4ad0cf79cff48b20e30634a4a7", size = 2414918, upload-time = "2025-04-12T17:47:58.217Z" },
    { url = "https://files.pythonhosted.org/packages/c7/40/052610b15a1b8961f52537cc8326ca6a881408bc2bdad0d852edeb6ed33b/pillow-11.2.1-cp312-cp312-macosx_10_13_x86_64.whl", hash = "sha256:78afba22027b4accef10dbd5eed84425930ba41b3ea0a86fa8d20baaf19d807f", size = 3190185, upload-time = "2025-04-12T17:48:00.417Z" },
    { url = "https://files.pythonhosted.org/packages/e5/7e/b86dbd35a5f938632093dc40d1682874c33dcfe832558fc80ca56bfcb774/pillow-11.2.1-cp312-cp312-macosx_11_0_arm64.whl", hash = "sha256:78092232a4ab376a35d68c4e6d5e00dfd73454bd12b230420025fbe178ee3b0b", size = 3030306, upload-time = "2025-04-12T17:48:02.391Z" },
    { url = "https://files.pythonhosted.org/packages/a4/5c/467a161f9ed53e5eab51a42923c33051bf8d1a2af4626ac04f5166e58e0c/pillow-11.2.1-cp312-cp312-manylinux_2_17_aarch64.manylinux2014_aarch64.whl", hash = "sha256:25a5f306095c6780c52e6bbb6109624b95c5b18e40aab1c3041da3e9e0cd3e2d", size = 4416121, upload-time = "2025-04-12T17:48:04.554Z" },
    { url = "https://files.pythonhosted.org/packages/62/73/972b7742e38ae0e2ac76ab137ca6005dcf877480da0d9d61d93b613065b4/pillow-11.2.1-cp312-cp312-manylinux_2_17_x86_64.manylinux2014_x86_64.whl", hash = "sha256:0c7b29dbd4281923a2bfe562acb734cee96bbb129e96e6972d315ed9f232bef4", size = 4501707, upload-time = "2025-04-12T17:48:06.831Z" },
    { url = "https://files.pythonhosted.org/packages/e4/3a/427e4cb0b9e177efbc1a84798ed20498c4f233abde003c06d2650a6d60cb/pillow-11.2.1-cp312-cp312-manylinux_2_28_aarch64.whl", hash = "sha256:3e645b020f3209a0181a418bffe7b4a93171eef6c4ef6cc20980b30bebf17b7d", size = 4522921, upload-time = "2025-04-12T17:48:09.229Z" },
    { url = "https://files.pythonhosted.org/packages/fe/7c/d8b1330458e4d2f3f45d9508796d7caf0c0d3764c00c823d10f6f1a3b76d/pillow-11.2.1-cp312-cp312-manylinux_2_28_x86_64.whl", hash = "sha256:b2dbea1012ccb784a65349f57bbc93730b96e85b42e9bf7b01ef40443db720b4", size = 4612523, upload-time = "2025-04-12T17:48:11.631Z" },
    { url = "https://files.pythonhosted.org/packages/b3/2f/65738384e0b1acf451de5a573d8153fe84103772d139e1e0bdf1596be2ea/pillow-11.2.1-cp312-cp312-musllinux_1_2_aarch64.whl", hash = "sha256:da3104c57bbd72948d75f6a9389e6727d2ab6333c3617f0a89d72d4940aa0443", size = 4587836, upload-time = "2025-04-12T17:48:13.592Z" },
    { url = "https://files.pythonhosted.org/packages/6a/c5/e795c9f2ddf3debb2dedd0df889f2fe4b053308bb59a3cc02a0cd144d641/pillow-11.2.1-cp312-cp312-musllinux_1_2_x86_64.whl", hash = "sha256:598174aef4589af795f66f9caab87ba4ff860ce08cd5bb447c6fc553ffee603c", size = 4669390, upload-time = "2025-04-12T17:48:15.938Z" },
    { url = "https://files.pythonhosted.org/packages/96/ae/ca0099a3995976a9fce2f423166f7bff9b12244afdc7520f6ed38911539a/pillow-11.2.1-cp312-cp312-win32.whl", hash = "sha256:1d535df14716e7f8776b9e7fee118576d65572b4aad3ed639be9e4fa88a1cad3", size = 2332309, upload-time = "2025-04-12T17:48:17.885Z" },
    { url = "https://files.pythonhosted.org/packages/7c/18/24bff2ad716257fc03da964c5e8f05d9790a779a8895d6566e493ccf0189/pillow-11.2.1-cp312-cp312-win_amd64.whl", hash = "sha256:14e33b28bf17c7a38eede290f77db7c664e4eb01f7869e37fa98a5aa95978941", size = 2676768, upload-time = "2025-04-12T17:48:19.655Z" },
    { url = "https://files.pythonhosted.org/packages/da/bb/e8d656c9543276517ee40184aaa39dcb41e683bca121022f9323ae11b39d/pillow-11.2.1-cp312-cp312-win_arm64.whl", hash = "sha256:21e1470ac9e5739ff880c211fc3af01e3ae505859392bf65458c224d0bf283eb", size = 2415087, upload-time = "2025-04-12T17:48:21.991Z" },
    { url = "https://files.pythonhosted.org/packages/36/9c/447528ee3776e7ab8897fe33697a7ff3f0475bb490c5ac1456a03dc57956/pillow-11.2.1-cp313-cp313-macosx_10_13_x86_64.whl", hash = "sha256:fdec757fea0b793056419bca3e9932eb2b0ceec90ef4813ea4c1e072c389eb28", size = 3190098, upload-time = "2025-04-12T17:48:23.915Z" },
    { url = "https://files.pythonhosted.org/packages/b5/09/29d5cd052f7566a63e5b506fac9c60526e9ecc553825551333e1e18a4858/pillow-11.2.1-cp313-cp313-macosx_11_0_arm64.whl", hash = "sha256:b0e130705d568e2f43a17bcbe74d90958e8a16263868a12c3e0d9c8162690830", size = 3030166, upload-time = "2025-04-12T17:48:25.738Z" },
    { url = "https://files.pythonhosted.org/packages/71/5d/446ee132ad35e7600652133f9c2840b4799bbd8e4adba881284860da0a36/pillow-11.2.1-cp313-cp313-manylinux_2_17_aarch64.manylinux2014_aarch64.whl", hash = "sha256:7bdb5e09068332578214cadd9c05e3d64d99e0e87591be22a324bdbc18925be0", size = 4408674, upload-time = "2025-04-12T17:48:27.908Z" },
    { url = "https://files.pythonhosted.org/packages/69/5f/cbe509c0ddf91cc3a03bbacf40e5c2339c4912d16458fcb797bb47bcb269/pillow-11.2.1-cp313-cp313-manylinux_2_17_x86_64.manylinux2014_x86_64.whl", hash = "sha256:d189ba1bebfbc0c0e529159631ec72bb9e9bc041f01ec6d3233d6d82eb823bc1", size = 4496005, upload-time = "2025-04-12T17:48:29.888Z" },
    { url = "https://files.pythonhosted.org/packages/f9/b3/dd4338d8fb8a5f312021f2977fb8198a1184893f9b00b02b75d565c33b51/pillow-11.2.1-cp313-cp313-manylinux_2_28_aarch64.whl", hash = "sha256:191955c55d8a712fab8934a42bfefbf99dd0b5875078240943f913bb66d46d9f", size = 4518707, upload-time = "2025-04-12T17:48:31.874Z" },
    { url = "https://files.pythonhosted.org/packages/13/eb/2552ecebc0b887f539111c2cd241f538b8ff5891b8903dfe672e997529be/pillow-11.2.1-cp313-cp313-manylinux_2_28_x86_64.whl", hash = "sha256:ad275964d52e2243430472fc5d2c2334b4fc3ff9c16cb0a19254e25efa03a155", size = 4610008, upload-time = "2025-04-12T17:48:34.422Z" },
    { url = "https://files.pythonhosted.org/packages/72/d1/924ce51bea494cb6e7959522d69d7b1c7e74f6821d84c63c3dc430cbbf3b/pillow-11.2.1-cp313-cp313-musllinux_1_2_aarch64.whl", hash = "sha256:750f96efe0597382660d8b53e90dd1dd44568a8edb51cb7f9d5d918b80d4de14", size = 4585420, upload-time = "2025-04-12T17:48:37.641Z" },
    { url = "https://files.pythonhosted.org/packages/43/ab/8f81312d255d713b99ca37479a4cb4b0f48195e530cdc1611990eb8fd04b/pillow-11.2.1-cp313-cp313-musllinux_1_2_x86_64.whl", hash = "sha256:fe15238d3798788d00716637b3d4e7bb6bde18b26e5d08335a96e88564a36b6b", size = 4667655, upload-time = "2025-04-12T17:48:39.652Z" },
    { url = "https://files.pythonhosted.org/packages/94/86/8f2e9d2dc3d308dfd137a07fe1cc478df0a23d42a6c4093b087e738e4827/pillow-11.2.1-cp313-cp313-win32.whl", hash = "sha256:3fe735ced9a607fee4f481423a9c36701a39719252a9bb251679635f99d0f7d2", size = 2332329, upload-time = "2025-04-12T17:48:41.765Z" },
    { url = "https://files.pythonhosted.org/packages/6d/ec/1179083b8d6067a613e4d595359b5fdea65d0a3b7ad623fee906e1b3c4d2/pillow-11.2.1-cp313-cp313-win_amd64.whl", hash = "sha256:74ee3d7ecb3f3c05459ba95eed5efa28d6092d751ce9bf20e3e253a4e497e691", size = 2676388, upload-time = "2025-04-12T17:48:43.625Z" },
    { url = "https://files.pythonhosted.org/packages/23/f1/2fc1e1e294de897df39fa8622d829b8828ddad938b0eaea256d65b84dd72/pillow-11.2.1-cp313-cp313-win_arm64.whl", hash = "sha256:5119225c622403afb4b44bad4c1ca6c1f98eed79db8d3bc6e4e160fc6339d66c", size = 2414950, upload-time = "2025-04-12T17:48:45.475Z" },
    { url = "https://files.pythonhosted.org/packages/c4/3e/c328c48b3f0ead7bab765a84b4977acb29f101d10e4ef57a5e3400447c03/pillow-11.2.1-cp313-cp313t-macosx_10_13_x86_64.whl", hash = "sha256:8ce2e8411c7aaef53e6bb29fe98f28cd4fbd9a1d9be2eeea434331aac0536b22", size = 3192759, upload-time = "2025-04-12T17:48:47.866Z" },
    { url = "https://files.pythonhosted.org/packages/18/0e/1c68532d833fc8b9f404d3a642991441d9058eccd5606eab31617f29b6d4/pillow-11.2.1-cp313-cp313t-macosx_11_0_arm64.whl", hash = "sha256:9ee66787e095127116d91dea2143db65c7bb1e232f617aa5957c0d9d2a3f23a7", size = 3033284, upload-time = "2025-04-12T17:48:50.189Z" },
    { url = "https://files.pythonhosted.org/packages/b7/cb/6faf3fb1e7705fd2db74e070f3bf6f88693601b0ed8e81049a8266de4754/pillow-11.2.1-cp313-cp313t-manylinux_2_17_aarch64.manylinux2014_aarch64.whl", hash = "sha256:9622e3b6c1d8b551b6e6f21873bdcc55762b4b2126633014cea1803368a9aa16", size = 4445826, upload-time = "2025-04-12T17:48:52.346Z" },
    { url = "https://files.pythonhosted.org/packages/07/94/8be03d50b70ca47fb434a358919d6a8d6580f282bbb7af7e4aa40103461d/pillow-11.2.1-cp313-cp313t-manylinux_2_17_x86_64.manylinux2014_x86_64.whl", hash = "sha256:63b5dff3a68f371ea06025a1a6966c9a1e1ee452fc8020c2cd0ea41b83e9037b", size = 4527329, upload-time = "2025-04-12T17:48:54.403Z" },
    { url = "https://files.pythonhosted.org/packages/fd/a4/bfe78777076dc405e3bd2080bc32da5ab3945b5a25dc5d8acaa9de64a162/pillow-11.2.1-cp313-cp313t-manylinux_2_28_aarch64.whl", hash = "sha256:31df6e2d3d8fc99f993fd253e97fae451a8db2e7207acf97859732273e108406", size = 4549049, upload-time = "2025-04-12T17:48:56.383Z" },
    { url = "https://files.pythonhosted.org/packages/65/4d/eaf9068dc687c24979e977ce5677e253624bd8b616b286f543f0c1b91662/pillow-11.2.1-cp313-cp313t-manylinux_2_28_x86_64.whl", hash = "sha256:062b7a42d672c45a70fa1f8b43d1d38ff76b63421cbbe7f88146b39e8a558d91", size = 4635408, upload-time = "2025-04-12T17:48:58.782Z" },
    { url = "https://files.pythonhosted.org/packages/1d/26/0fd443365d9c63bc79feb219f97d935cd4b93af28353cba78d8e77b61719/pillow-11.2.1-cp313-cp313t-musllinux_1_2_aarch64.whl", hash = "sha256:4eb92eca2711ef8be42fd3f67533765d9fd043b8c80db204f16c8ea62ee1a751", size = 4614863, upload-time = "2025-04-12T17:49:00.709Z" },
    { url = "https://files.pythonhosted.org/packages/49/65/dca4d2506be482c2c6641cacdba5c602bc76d8ceb618fd37de855653a419/pillow-11.2.1-cp313-cp313t-musllinux_1_2_x86_64.whl", hash = "sha256:f91ebf30830a48c825590aede79376cb40f110b387c17ee9bd59932c961044f9", size = 4692938, upload-time = "2025-04-12T17:49:02.946Z" },
    { url = "https://files.pythonhosted.org/packages/b3/92/1ca0c3f09233bd7decf8f7105a1c4e3162fb9142128c74adad0fb361b7eb/pillow-11.2.1-cp313-cp313t-win32.whl", hash = "sha256:e0b55f27f584ed623221cfe995c912c61606be8513bfa0e07d2c674b4516d9dd", size = 2335774, upload-time = "2025-04-12T17:49:04.889Z" },
    { url = "https://files.pythonhosted.org/packages/a5/ac/77525347cb43b83ae905ffe257bbe2cc6fd23acb9796639a1f56aa59d191/pillow-11.2.1-cp313-cp313t-win_amd64.whl", hash = "sha256:36d6b82164c39ce5482f649b437382c0fb2395eabc1e2b1702a6deb8ad647d6e", size = 2681895, upload-time = "2025-04-12T17:49:06.635Z" },
    { url = "https://files.pythonhosted.org/packages/67/32/32dc030cfa91ca0fc52baebbba2e009bb001122a1daa8b6a79ad830b38d3/pillow-11.2.1-cp313-cp313t-win_arm64.whl", hash = "sha256:225c832a13326e34f212d2072982bb1adb210e0cc0b153e688743018c94a2681", size = 2417234, upload-time = "2025-04-12T17:49:08.399Z" },
    { url = "https://files.pythonhosted.org/packages/a4/ad/2613c04633c7257d9481ab21d6b5364b59fc5d75faafd7cb8693523945a3/pillow-11.2.1-pp311-pypy311_pp73-macosx_10_15_x86_64.whl", hash = "sha256:80f1df8dbe9572b4b7abdfa17eb5d78dd620b1d55d9e25f834efdbee872d3aed", size = 3181734, upload-time = "2025-04-12T17:49:46.789Z" },
    { url = "https://files.pythonhosted.org/packages/a4/fd/dcdda4471ed667de57bb5405bb42d751e6cfdd4011a12c248b455c778e03/pillow-11.2.1-pp311-pypy311_pp73-macosx_11_0_arm64.whl", hash = "sha256:ea926cfbc3957090becbcbbb65ad177161a2ff2ad578b5a6ec9bb1e1cd78753c", size = 2999841, upload-time = "2025-04-12T17:49:48.812Z" },
    { url = "https://files.pythonhosted.org/packages/ac/89/8a2536e95e77432833f0db6fd72a8d310c8e4272a04461fb833eb021bf94/pillow-11.2.1-pp311-pypy311_pp73-manylinux_2_17_aarch64.manylinux2014_aarch64.whl", hash = "sha256:738db0e0941ca0376804d4de6a782c005245264edaa253ffce24e5a15cbdc7bd", size = 3437470, upload-time = "2025-04-12T17:49:50.831Z" },
    { url = "https://files.pythonhosted.org/packages/9d/8f/abd47b73c60712f88e9eda32baced7bfc3e9bd6a7619bb64b93acff28c3e/pillow-11.2.1-pp311-pypy311_pp73-manylinux_2_17_x86_64.manylinux2014_x86_64.whl", hash = "sha256:9db98ab6565c69082ec9b0d4e40dd9f6181dab0dd236d26f7a50b8b9bfbd5076", size = 3460013, upload-time = "2025-04-12T17:49:53.278Z" },
    { url = "https://files.pythonhosted.org/packages/f6/20/5c0a0aa83b213b7a07ec01e71a3d6ea2cf4ad1d2c686cc0168173b6089e7/pillow-11.2.1-pp311-pypy311_pp73-manylinux_2_28_aarch64.whl", hash = "sha256:036e53f4170e270ddb8797d4c590e6dd14d28e15c7da375c18978045f7e6c37b", size = 3527165, upload-time = "2025-04-12T17:49:55.164Z" },
    { url = "https://files.pythonhosted.org/packages/58/0e/2abab98a72202d91146abc839e10c14f7cf36166f12838ea0c4db3ca6ecb/pillow-11.2.1-pp311-pypy311_pp73-manylinux_2_28_x86_64.whl", hash = "sha256:14f73f7c291279bd65fda51ee87affd7c1e097709f7fdd0188957a16c264601f", size = 3571586, upload-time = "2025-04-12T17:49:57.171Z" },
    { url = "https://files.pythonhosted.org/packages/21/2c/5e05f58658cf49b6667762cca03d6e7d85cededde2caf2ab37b81f80e574/pillow-11.2.1-pp311-pypy311_pp73-win_amd64.whl", hash = "sha256:208653868d5c9ecc2b327f9b9ef34e0e42a4cdd172c2988fd81d62d2bc9bc044", size = 2674751, upload-time = "2025-04-12T17:49:59.628Z" },
]

[[package]]
name = "prompt-toolkit"
version = "3.0.51"
source = { registry = "https://pypi.org/simple" }
dependencies = [
    { name = "wcwidth" },
]
sdist = { url = "https://files.pythonhosted.org/packages/bb/6e/9d084c929dfe9e3bfe0c6a47e31f78a25c54627d64a66e884a8bf5474f1c/prompt_toolkit-3.0.51.tar.gz", hash = "sha256:931a162e3b27fc90c86f1b48bb1fb2c528c2761475e57c9c06de13311c7b54ed", size = 428940, upload-time = "2025-04-15T09:18:47.731Z" }
wheels = [
    { url = "https://files.pythonhosted.org/packages/ce/4f/5249960887b1fbe561d9ff265496d170b55a735b76724f10ef19f9e40716/prompt_toolkit-3.0.51-py3-none-any.whl", hash = "sha256:52742911fde84e2d423e2f9a4cf1de7d7ac4e51958f648d9540e0fb8db077b07", size = 387810, upload-time = "2025-04-15T09:18:44.753Z" },
]

[[package]]
name = "ptyprocess"
version = "0.7.0"
source = { registry = "https://pypi.org/simple" }
sdist = { url = "https://files.pythonhosted.org/packages/20/e5/16ff212c1e452235a90aeb09066144d0c5a6a8c0834397e03f5224495c4e/ptyprocess-0.7.0.tar.gz", hash = "sha256:5c5d0a3b48ceee0b48485e0c26037c0acd7d29765ca3fbb5cb3831d347423220", size = 70762, upload-time = "2020-12-28T15:15:30.155Z" }
wheels = [
    { url = "https://files.pythonhosted.org/packages/22/a6/858897256d0deac81a172289110f31629fc4cee19b6f01283303e18c8db3/ptyprocess-0.7.0-py2.py3-none-any.whl", hash = "sha256:4b41f3967fce3af57cc7e94b888626c18bf37a083e3651ca8feeb66d492fef35", size = 13993, upload-time = "2020-12-28T15:15:28.35Z" },
]

[[package]]
name = "pure-eval"
version = "0.2.3"
source = { registry = "https://pypi.org/simple" }
sdist = { url = "https://files.pythonhosted.org/packages/cd/05/0a34433a064256a578f1783a10da6df098ceaa4a57bbeaa96a6c0352786b/pure_eval-0.2.3.tar.gz", hash = "sha256:5f4e983f40564c576c7c8635ae88db5956bb2229d7e9237d03b3c0b0190eaf42", size = 19752, upload-time = "2024-07-21T12:58:21.801Z" }
wheels = [
    { url = "https://files.pythonhosted.org/packages/8e/37/efad0257dc6e593a18957422533ff0f87ede7c9c6ea010a2177d738fb82f/pure_eval-0.2.3-py3-none-any.whl", hash = "sha256:1db8e35b67b3d218d818ae653e27f06c3aa420901fa7b081ca98cbedc874e0d0", size = 11842, upload-time = "2024-07-21T12:58:20.04Z" },
]

[[package]]
name = "pygments"
version = "2.19.1"
source = { registry = "https://pypi.org/simple" }
sdist = { url = "https://files.pythonhosted.org/packages/7c/2d/c3338d48ea6cc0feb8446d8e6937e1408088a72a39937982cc6111d17f84/pygments-2.19.1.tar.gz", hash = "sha256:61c16d2a8576dc0649d9f39e089b5f02bcd27fba10d8fb4dcc28173f7a45151f", size = 4968581, upload-time = "2025-01-06T17:26:30.443Z" }
wheels = [
    { url = "https://files.pythonhosted.org/packages/8a/0b/9fcc47d19c48b59121088dd6da2488a49d5f72dacf8262e2790a1d2c7d15/pygments-2.19.1-py3-none-any.whl", hash = "sha256:9ea1544ad55cecf4b8242fab6dd35a93bbce657034b0611ee383099054ab6d8c", size = 1225293, upload-time = "2025-01-06T17:26:25.553Z" },
]

[[package]]
name = "pyright"
version = "1.1.400"
source = { registry = "https://pypi.org/simple" }
dependencies = [
    { name = "nodeenv" },
    { name = "typing-extensions" },
]
sdist = { url = "https://files.pythonhosted.org/packages/6c/cb/c306618a02d0ee8aed5fb8d0fe0ecfed0dbf075f71468f03a30b5f4e1fe0/pyright-1.1.400.tar.gz", hash = "sha256:b8a3ba40481aa47ba08ffb3228e821d22f7d391f83609211335858bf05686bdb", size = 3846546, upload-time = "2025-04-24T12:55:18.907Z" }
wheels = [
    { url = "https://files.pythonhosted.org/packages/c8/a5/5d285e4932cf149c90e3c425610c5efaea005475d5f96f1bfdb452956c62/pyright-1.1.400-py3-none-any.whl", hash = "sha256:c80d04f98b5a4358ad3a35e241dbf2a408eee33a40779df365644f8054d2517e", size = 5563460, upload-time = "2025-04-24T12:55:17.002Z" },
]

[[package]]
name = "ruff"
version = "0.11.8"
source = { registry = "https://pypi.org/simple" }
sdist = { url = "https://files.pythonhosted.org/packages/52/f6/adcf73711f31c9f5393862b4281c875a462d9f639f4ccdf69dc368311c20/ruff-0.11.8.tar.gz", hash = "sha256:6d742d10626f9004b781f4558154bb226620a7242080e11caeffab1a40e99df8", size = 4086399, upload-time = "2025-05-01T14:53:24.459Z" }
wheels = [
    { url = "https://files.pythonhosted.org/packages/9f/60/c6aa9062fa518a9f86cb0b85248245cddcd892a125ca00441df77d79ef88/ruff-0.11.8-py3-none-linux_armv6l.whl", hash = "sha256:896a37516c594805e34020c4a7546c8f8a234b679a7716a3f08197f38913e1a3", size = 10272473, upload-time = "2025-05-01T14:52:37.252Z" },
    { url = "https://files.pythonhosted.org/packages/a0/e4/0325e50d106dc87c00695f7bcd5044c6d252ed5120ebf423773e00270f50/ruff-0.11.8-py3-none-macosx_10_12_x86_64.whl", hash = "sha256:ab86d22d3d721a40dd3ecbb5e86ab03b2e053bc93c700dc68d1c3346b36ce835", size = 11040862, upload-time = "2025-05-01T14:52:41.022Z" },
    { url = "https://files.pythonhosted.org/packages/e6/27/b87ea1a7be37fef0adbc7fd987abbf90b6607d96aa3fc67e2c5b858e1e53/ruff-0.11.8-py3-none-macosx_11_0_arm64.whl", hash = "sha256:258f3585057508d317610e8a412788cf726efeefa2fec4dba4001d9e6f90d46c", size = 10385273, upload-time = "2025-05-01T14:52:43.551Z" },
    { url = "https://files.pythonhosted.org/packages/d3/f7/3346161570d789045ed47a86110183f6ac3af0e94e7fd682772d89f7f1a1/ruff-0.11.8-py3-none-manylinux_2_17_aarch64.manylinux2014_aarch64.whl", hash = "sha256:727d01702f7c30baed3fc3a34901a640001a2828c793525043c29f7614994a8c", size = 10578330, upload-time = "2025-05-01T14:52:45.48Z" },
    { url = "https://files.pythonhosted.org/packages/c6/c3/327fb950b4763c7b3784f91d3038ef10c13b2d42322d4ade5ce13a2f9edb/ruff-0.11.8-py3-none-manylinux_2_17_armv7l.manylinux2014_armv7l.whl", hash = "sha256:3dca977cc4fc8f66e89900fa415ffe4dbc2e969da9d7a54bfca81a128c5ac219", size = 10122223, upload-time = "2025-05-01T14:52:47.675Z" },
    { url = "https://files.pythonhosted.org/packages/de/c7/ba686bce9adfeb6c61cb1bbadc17d58110fe1d602f199d79d4c880170f19/ruff-0.11.8-py3-none-manylinux_2_17_i686.manylinux2014_i686.whl", hash = "sha256:c657fa987d60b104d2be8b052d66da0a2a88f9bd1d66b2254333e84ea2720c7f", size = 11697353, upload-time = "2025-05-01T14:52:50.264Z" },
    { url = "https://files.pythonhosted.org/packages/53/8e/a4fb4a1ddde3c59e73996bb3ac51844ff93384d533629434b1def7a336b0/ruff-0.11.8-py3-none-manylinux_2_17_ppc64.manylinux2014_ppc64.whl", hash = "sha256:f2e74b021d0de5eceb8bd32919f6ff8a9b40ee62ed97becd44993ae5b9949474", size = 12375936, upload-time = "2025-05-01T14:52:52.394Z" },
    { url = "https://files.pythonhosted.org/packages/ad/a1/9529cb1e2936e2479a51aeb011307e7229225df9ac64ae064d91ead54571/ruff-0.11.8-py3-none-manylinux_2_17_ppc64le.manylinux2014_ppc64le.whl", hash = "sha256:f9b5ef39820abc0f2c62111f7045009e46b275f5b99d5e59dda113c39b7f4f38", size = 11850083, upload-time = "2025-05-01T14:52:55.424Z" },
    { url = "https://files.pythonhosted.org/packages/3e/94/8f7eac4c612673ae15a4ad2bc0ee62e03c68a2d4f458daae3de0e47c67ba/ruff-0.11.8-py3-none-manylinux_2_17_s390x.manylinux2014_s390x.whl", hash = "sha256:c1dba3135ca503727aa4648152c0fa67c3b1385d3dc81c75cd8a229c4b2a1458", size = 14005834, upload-time = "2025-05-01T14:52:58.056Z" },
    { url = "https://files.pythonhosted.org/packages/1e/7c/6f63b46b2be870cbf3f54c9c4154d13fac4b8827f22fa05ac835c10835b2/ruff-0.11.8-py3-none-manylinux_2_17_x86_64.manylinux2014_x86_64.whl", hash = "sha256:7f024d32e62faad0f76b2d6afd141b8c171515e4fb91ce9fd6464335c81244e5", size = 11503713, upload-time = "2025-05-01T14:53:01.244Z" },
    { url = "https://files.pythonhosted.org/packages/3a/91/57de411b544b5fe072779678986a021d87c3ee5b89551f2ca41200c5d643/ruff-0.11.8-py3-none-musllinux_1_2_aarch64.whl", hash = "sha256:d365618d3ad747432e1ae50d61775b78c055fee5936d77fb4d92c6f559741948", size = 10457182, upload-time = "2025-05-01T14:53:03.726Z" },
    { url = "https://files.pythonhosted.org/packages/01/49/cfe73e0ce5ecdd3e6f1137bf1f1be03dcc819d1bfe5cff33deb40c5926db/ruff-0.11.8-py3-none-musllinux_1_2_armv7l.whl", hash = "sha256:4d9aaa91035bdf612c8ee7266153bcf16005c7c7e2f5878406911c92a31633cb", size = 10101027, upload-time = "2025-05-01T14:53:06.555Z" },
    { url = "https://files.pythonhosted.org/packages/56/21/a5cfe47c62b3531675795f38a0ef1c52ff8de62eaddf370d46634391a3fb/ruff-0.11.8-py3-none-musllinux_1_2_i686.whl", hash = "sha256:0eba551324733efc76116d9f3a0d52946bc2751f0cd30661564117d6fd60897c", size = 11111298, upload-time = "2025-05-01T14:53:08.825Z" },
    { url = "https://files.pythonhosted.org/packages/36/98/f76225f87e88f7cb669ae92c062b11c0a1e91f32705f829bd426f8e48b7b/ruff-0.11.8-py3-none-musllinux_1_2_x86_64.whl", hash = "sha256:161eb4cff5cfefdb6c9b8b3671d09f7def2f960cee33481dd898caf2bcd02304", size = 11566884, upload-time = "2025-05-01T14:53:11.626Z" },
    { url = "https://files.pythonhosted.org/packages/de/7e/fff70b02e57852fda17bd43f99dda37b9bcf3e1af3d97c5834ff48d04715/ruff-0.11.8-py3-none-win32.whl", hash = "sha256:5b18caa297a786465cc511d7f8be19226acf9c0a1127e06e736cd4e1878c3ea2", size = 10451102, upload-time = "2025-05-01T14:53:14.303Z" },
    { url = "https://files.pythonhosted.org/packages/7b/a9/eaa571eb70648c9bde3120a1d5892597de57766e376b831b06e7c1e43945/ruff-0.11.8-py3-none-win_amd64.whl", hash = "sha256:6e70d11043bef637c5617297bdedec9632af15d53ac1e1ba29c448da9341b0c4", size = 11597410, upload-time = "2025-05-01T14:53:16.571Z" },
    { url = "https://files.pythonhosted.org/packages/cd/be/f6b790d6ae98f1f32c645f8540d5c96248b72343b0a56fab3a07f2941897/ruff-0.11.8-py3-none-win_arm64.whl", hash = "sha256:304432e4c4a792e3da85b7699feb3426a0908ab98bf29df22a31b0cdd098fac2", size = 10713129, upload-time = "2025-05-01T14:53:22.27Z" },
]

[[package]]
name = "six"
version = "1.17.0"
source = { registry = "https://pypi.org/simple" }
sdist = { url = "https://files.pythonhosted.org/packages/94/e7/b2c673351809dca68a0e064b6af791aa332cf192da575fd474ed7d6f16a2/six-1.17.0.tar.gz", hash = "sha256:ff70335d468e7eb6ec65b95b99d3a2836546063f63acc5171de367e834932a81", size = 34031, upload-time = "2024-12-04T17:35:28.174Z" }
wheels = [
    { url = "https://files.pythonhosted.org/packages/b7/ce/149a00dd41f10bc29e5921b496af8b574d8413afcd5e30dfa0ed46c2cc5e/six-1.17.0-py2.py3-none-any.whl", hash = "sha256:4721f391ed90541fddacab5acf947aa0d3dc7d27b2e1e8eda2be8970586c3274", size = 11050, upload-time = "2024-12-04T17:35:26.475Z" },
]

[[package]]
name = "sniffio"
version = "1.3.1"
source = { registry = "https://pypi.org/simple" }
sdist = { url = "https://files.pythonhosted.org/packages/a2/87/a6771e1546d97e7e041b6ae58d80074f81b7d5121207425c964ddf5cfdbd/sniffio-1.3.1.tar.gz", hash = "sha256:f4324edc670a0f49750a81b895f35c3adb843cca46f0530f79fc1babb23789dc", size = 20372, upload-time = "2024-02-25T23:20:04.057Z" }
wheels = [
    { url = "https://files.pythonhosted.org/packages/e9/44/75a9c9421471a6c4805dbf2356f7c181a29c1879239abab1ea2cc8f38b40/sniffio-1.3.1-py3-none-any.whl", hash = "sha256:2f6da418d1f1e0fddd844478f41680e794e6051915791a034ff65e5f100525a2", size = 10235, upload-time = "2024-02-25T23:20:01.196Z" },
]

[[package]]
name = "stack-data"
version = "0.6.3"
source = { registry = "https://pypi.org/simple" }
dependencies = [
    { name = "asttokens" },
    { name = "executing" },
    { name = "pure-eval" },
]
sdist = { url = "https://files.pythonhosted.org/packages/28/e3/55dcc2cfbc3ca9c29519eb6884dd1415ecb53b0e934862d3559ddcb7e20b/stack_data-0.6.3.tar.gz", hash = "sha256:836a778de4fec4dcd1dcd89ed8abff8a221f58308462e1c4aa2a3cf30148f0b9", size = 44707, upload-time = "2023-09-30T13:58:05.479Z" }
wheels = [
    { url = "https://files.pythonhosted.org/packages/f1/7b/ce1eafaf1a76852e2ec9b22edecf1daa58175c090266e9f6c64afcd81d91/stack_data-0.6.3-py3-none-any.whl", hash = "sha256:d5558e0c25a4cb0853cddad3d77da9891a08cb85dd9f9f91b9f8cd66e511e695", size = 24521, upload-time = "2023-09-30T13:58:03.53Z" },
]

[[package]]
name = "tinicly"
version = "0.1.3"
source = { editable = "." }
dependencies = [
    { name = "httpx" },
    { name = "pillow" },
]

[package.dev-dependencies]
dev = [
    { name = "devtools" },
    { name = "ipython" },
    { name = "pyright" },
    { name = "ruff" },
]

[package.metadata]
requires-dist = [
    { name = "httpx", specifier = ">=0.28.1" },
    { name = "pillow", specifier = ">=10.4.0" },
]

[package.metadata.requires-dev]
dev = [
    { name = "devtools", specifier = ">=0.12.2" },
    { name = "ipython", specifier = ">=9.1.0" },
    { name = "pyright", specifier = ">=1.1.399" },
    { name = "ruff", specifier = ">=0.11.5" },
]

[[package]]
name = "traitlets"
version = "5.14.3"
source = { registry = "https://pypi.org/simple" }
sdist = { url = "https://files.pythonhosted.org/packages/eb/79/72064e6a701c2183016abbbfedaba506d81e30e232a68c9f0d6f6fcd1574/traitlets-5.14.3.tar.gz", hash = "sha256:9ed0579d3502c94b4b3732ac120375cda96f923114522847de4b3bb98b96b6b7", size = 161621, upload-time = "2024-04-19T11:11:49.746Z" }
wheels = [
    { url = "https://files.pythonhosted.org/packages/00/c0/8f5d070730d7836adc9c9b6408dec68c6ced86b304a9b26a14df072a6e8c/traitlets-5.14.3-py3-none-any.whl", hash = "sha256:b74e89e397b1ed28cc831db7aea759ba6640cb3de13090ca145426688ff1ac4f", size = 85359, upload-time = "2024-04-19T11:11:46.763Z" },
]

[[package]]
name = "typing-extensions"
version = "4.13.2"
source = { registry = "https://pypi.org/simple" }
sdist = { url = "https://files.pythonhosted.org/packages/f6/37/23083fcd6e35492953e8d2aaaa68b860eb422b34627b13f2ce3eb6106061/typing_extensions-4.13.2.tar.gz", hash = "sha256:e6c81219bd689f51865d9e372991c540bda33a0379d5573cddb9a3a23f7caaef", size = 106967, upload-time = "2025-04-10T14:19:05.416Z" }
wheels = [
    { url = "https://files.pythonhosted.org/packages/8b/54/b1ae86c0973cc6f0210b53d508ca3641fb6d0c56823f288d108bc7ab3cc8/typing_extensions-4.13.2-py3-none-any.whl", hash = "sha256:a439e7c04b49fec3e5d3e2beaa21755cadbbdc391694e28ccdd36ca4a1408f8c", size = 45806, upload-time = "2025-04-10T14:19:03.967Z" },
]

[[package]]
name = "wcwidth"
version = "0.2.13"
source = { registry = "https://pypi.org/simple" }
sdist = { url = "https://files.pythonhosted.org/packages/6c/63/53559446a878410fc5a5974feb13d31d78d752eb18aeba59c7fef1af7598/wcwidth-0.2.13.tar.gz", hash = "sha256:72ea0c06399eb286d978fdedb6923a9eb47e1c486ce63e9b4e64fc18303972b5", size = 101301, upload-time = "2024-01-06T02:10:57.829Z" }
wheels = [
    { url = "https://files.pythonhosted.org/packages/fd/84/fd2ba7aafacbad3c4201d395674fc6348826569da3c0937e75505ead3528/wcwidth-0.2.13-py2.py3-none-any.whl", hash = "sha256:3da69048e4540d84af32131829ff948f1e022c1c6bdb8d6102117aac784f6859", size = 34166, upload-time = "2024-01-06T02:10:55.763Z" },
]
